
Microsoft Visual Studio Solution File, Format Version 12.00
# Visual Studio Version 16
VisualStudioVersion = 16.6.30114.105
MinimumVisualStudioVersion = 10.0.40219.1
Project("{FAE04EC0-301F-11D3-BF4B-00C04F79EFBC}") = "API", "API\API.csproj", "{88FCDC7A-894C-44E4-AF4C-1DCDD71C71C6}"
EndProject
Project("{FAE04EC0-301F-11D3-BF4B-00C04F79EFBC}") = "Application", "Application\Application.csproj", "{0B014BEA-FA4E-4898-B3FA-0C4A24A1D558}"
EndProject
Project("{FAE04EC0-301F-11D3-BF4B-00C04F79EFBC}") = "Domain", "Domain\Domain.csproj", "{433614CD-7421-4C24-A1D9-D891D8BB8705}"
EndProject
Project("{FAE04EC0-301F-11D3-BF4B-00C04F79EFBC}") = "Persistence", "Persistence\Persistence.csproj", "{D56BED98-CA06-4AC4-BF3C-ADBE23CEAF25}"
EndProject
Global
	GlobalSection(SolutionConfigurationPlatforms) = preSolution
		Debug|Any CPU = Debug|Any CPU
		Debug|x64 = Debug|x64
		Debug|x86 = Debug|x86
		Release|Any CPU = Release|Any CPU
		Release|x64 = Release|x64
		Release|x86 = Release|x86
	EndGlobalSection
	GlobalSection(SolutionProperties) = preSolution
		HideSolutionNode = FALSE
	EndGlobalSection
	GlobalSection(ProjectConfigurationPlatforms) = postSolution
		{88FCDC7A-894C-44E4-AF4C-1DCDD71C71C6}.Debug|Any CPU.ActiveCfg = Debug|Any CPU
		{88FCDC7A-894C-44E4-AF4C-1DCDD71C71C6}.Debug|Any CPU.Build.0 = Debug|Any CPU
		{88FCDC7A-894C-44E4-AF4C-1DCDD71C71C6}.Debug|x64.ActiveCfg = Debug|Any CPU
		{88FCDC7A-894C-44E4-AF4C-1DCDD71C71C6}.Debug|x64.Build.0 = Debug|Any CPU
		{88FCDC7A-894C-44E4-AF4C-1DCDD71C71C6}.Debug|x86.ActiveCfg = Debug|Any CPU
		{88FCDC7A-894C-44E4-AF4C-1DCDD71C71C6}.Debug|x86.Build.0 = Debug|Any CPU
		{88FCDC7A-894C-44E4-AF4C-1DCDD71C71C6}.Release|Any CPU.ActiveCfg = Release|Any CPU
		{88FCDC7A-894C-44E4-AF4C-1DCDD71C71C6}.Release|Any CPU.Build.0 = Release|Any CPU
		{88FCDC7A-894C-44E4-AF4C-1DCDD71C71C6}.Release|x64.ActiveCfg = Release|Any CPU
		{88FCDC7A-894C-44E4-AF4C-1DCDD71C71C6}.Release|x64.Build.0 = Release|Any CPU
		{88FCDC7A-894C-44E4-AF4C-1DCDD71C71C6}.Release|x86.ActiveCfg = Release|Any CPU
		{88FCDC7A-894C-44E4-AF4C-1DCDD71C71C6}.Release|x86.Build.0 = Release|Any CPU
		{0B014BEA-FA4E-4898-B3FA-0C4A24A1D558}.Debug|Any CPU.ActiveCfg = Debug|Any CPU
		{0B014BEA-FA4E-4898-B3FA-0C4A24A1D558}.Debug|Any CPU.Build.0 = Debug|Any CPU
		{0B014BEA-FA4E-4898-B3FA-0C4A24A1D558}.Debug|x64.ActiveCfg = Debug|Any CPU
		{0B014BEA-FA4E-4898-B3FA-0C4A24A1D558}.Debug|x64.Build.0 = Debug|Any CPU
		{0B014BEA-FA4E-4898-B3FA-0C4A24A1D558}.Debug|x86.ActiveCfg = Debug|Any CPU
		{0B014BEA-FA4E-4898-B3FA-0C4A24A1D558}.Debug|x86.Build.0 = Debug|Any CPU
		{0B014BEA-FA4E-4898-B3FA-0C4A24A1D558}.Release|Any CPU.ActiveCfg = Release|Any CPU
		{0B014BEA-FA4E-4898-B3FA-0C4A24A1D558}.Release|Any CPU.Build.0 = Release|Any CPU
		{0B014BEA-FA4E-4898-B3FA-0C4A24A1D558}.Release|x64.ActiveCfg = Release|Any CPU
		{0B014BEA-FA4E-4898-B3FA-0C4A24A1D558}.Release|x64.Build.0 = Release|Any CPU
		{0B014BEA-FA4E-4898-B3FA-0C4A24A1D558}.Release|x86.ActiveCfg = Release|Any CPU
		{0B014BEA-FA4E-4898-B3FA-0C4A24A1D558}.Release|x86.Build.0 = Release|Any CPU
		{433614CD-7421-4C24-A1D9-D891D8BB8705}.Debug|Any CPU.ActiveCfg = Debug|Any CPU
		{433614CD-7421-4C24-A1D9-D891D8BB8705}.Debug|Any CPU.Build.0 = Debug|Any CPU
		{433614CD-7421-4C24-A1D9-D891D8BB8705}.Debug|x64.ActiveCfg = Debug|Any CPU
		{433614CD-7421-4C24-A1D9-D891D8BB8705}.Debug|x64.Build.0 = Debug|Any CPU
		{433614CD-7421-4C24-A1D9-D891D8BB8705}.Debug|x86.ActiveCfg = Debug|Any CPU
		{433614CD-7421-4C24-A1D9-D891D8BB8705}.Debug|x86.Build.0 = Debug|Any CPU
		{433614CD-7421-4C24-A1D9-D891D8BB8705}.Release|Any CPU.ActiveCfg = Release|Any CPU
		{433614CD-7421-4C24-A1D9-D891D8BB8705}.Release|Any CPU.Build.0 = Release|Any CPU
		{433614CD-7421-4C24-A1D9-D891D8BB8705}.Release|x64.ActiveCfg = Release|Any CPU
		{433614CD-7421-4C24-A1D9-D891D8BB8705}.Release|x64.Build.0 = Release|Any CPU
		{433614CD-7421-4C24-A1D9-D891D8BB8705}.Release|x86.ActiveCfg = Release|Any CPU
		{433614CD-7421-4C24-A1D9-D891D8BB8705}.Release|x86.Build.0 = Release|Any CPU
		{D56BED98-CA06-4AC4-BF3C-ADBE23CEAF25}.Debug|Any CPU.ActiveCfg = Debug|Any CPU
		{D56BED98-CA06-4AC4-BF3C-ADBE23CEAF25}.Debug|Any CPU.Build.0 = Debug|Any CPU
		{D56BED98-CA06-4AC4-BF3C-ADBE23CEAF25}.Debug|x64.ActiveCfg = Debug|Any CPU
		{D56BED98-CA06-4AC4-BF3C-ADBE23CEAF25}.Debug|x64.Build.0 = Debug|Any CPU
		{D56BED98-CA06-4AC4-BF3C-ADBE23CEAF25}.Debug|x86.ActiveCfg = Debug|Any CPU
		{D56BED98-CA06-4AC4-BF3C-ADBE23CEAF25}.Debug|x86.Build.0 = Debug|Any CPU
		{D56BED98-CA06-4AC4-BF3C-ADBE23CEAF25}.Release|Any CPU.ActiveCfg = Release|Any CPU
		{D56BED98-CA06-4AC4-BF3C-ADBE23CEAF25}.Release|Any CPU.Build.0 = Release|Any CPU
		{D56BED98-CA06-4AC4-BF3C-ADBE23CEAF25}.Release|x64.ActiveCfg = Release|Any CPU
		{D56BED98-CA06-4AC4-BF3C-ADBE23CEAF25}.Release|x64.Build.0 = Release|Any CPU
		{D56BED98-CA06-4AC4-BF3C-ADBE23CEAF25}.Release|x86.ActiveCfg = Release|Any CPU
		{D56BED98-CA06-4AC4-BF3C-ADBE23CEAF25}.Release|x86.Build.0 = Release|Any CPU
	EndGlobalSection
EndGlobal
